
Microsoft Visual Studio Solution File, Format Version 12.00
# Visual Studio 2012
Project("{8BC9CEB8-8B4A-11D0-8D11-00A0C91BC942}") = "Kurs1", "Kurs1\Kurs1.vcxproj", "{FD07D99F-082B-494A-A0AB-8C445A652A29}"
EndProject
Global
	GlobalSection(SolutionConfigurationPlatforms) = preSolution
		Debug|Win32 = Debug|Win32
		Release|Win32 = Release|Win32
	EndGlobalSection
	GlobalSection(ProjectConfigurationPlatforms) = postSolution
		{FD07D99F-082B-494A-A0AB-8C445A652A29}.Debug|Win32.ActiveCfg = Debug|Win32
		{FD07D99F-082B-494A-A0AB-8C445A652A29}.Debug|Win32.Build.0 = Debug|Win32
		{FD07D99F-082B-494A-A0AB-8C445A652A29}.Release|Win32.ActiveCfg = Release|Win32
		{FD07D99F-082B-494A-A0AB-8C445A652A29}.Release|Win32.Build.0 = Release|Win32
	EndGlobalSection
	GlobalSection(SolutionProperties) = preSolution
		HideSolutionNode = FALSE
	EndGlobalSection
EndGlobal
