
Microsoft Visual Studio Solution File, Format Version 12.00
# Visual Studio 2012
Project("{8BC9CEB8-8B4A-11D0-8D11-00A0C91BC942}") = "ConsoleApplication23", "ConsoleApplication23\ConsoleApplication23.vcxproj", "{394DE163-CC0F-48CE-B363-B22F0CE81627}"
EndProject
Global
	GlobalSection(SolutionConfigurationPlatforms) = preSolution
		Debug|Win32 = Debug|Win32
		Release|Win32 = Release|Win32
	EndGlobalSection
	GlobalSection(ProjectConfigurationPlatforms) = postSolution
		{394DE163-CC0F-48CE-B363-B22F0CE81627}.Debug|Win32.ActiveCfg = Debug|Win32
		{394DE163-CC0F-48CE-B363-B22F0CE81627}.Debug|Win32.Build.0 = Debug|Win32
		{394DE163-CC0F-48CE-B363-B22F0CE81627}.Release|Win32.ActiveCfg = Release|Win32
		{394DE163-CC0F-48CE-B363-B22F0CE81627}.Release|Win32.Build.0 = Release|Win32
	EndGlobalSection
	GlobalSection(SolutionProperties) = preSolution
		HideSolutionNode = FALSE
	EndGlobalSection
EndGlobal
